
Microsoft Visual Studio Solution File, Format Version 12.00
# Visual Studio Version 17
VisualStudioVersion = 17.3.32901.215
MinimumVisualStudioVersion = 10.0.40219.1
Project("{FAE04EC0-301F-11D3-BF4B-00C04F79EFBC}") = "Lab11", "Lab11\Lab11.csproj", "{FD7C78AE-3C71-4B75-89A8-C957356985CD}"
EndProject
Project("{FAE04EC0-301F-11D3-BF4B-00C04F79EFBC}") = "Lab11 2", "Lab11 2\Lab11 2.csproj", "{18BDBBFE-9D1A-47A4-86B4-69CEB00DF43D}"
EndProject
Global
	GlobalSection(SolutionConfigurationPlatforms) = preSolution
		Debug|Any CPU = Debug|Any CPU
		Release|Any CPU = Release|Any CPU
	EndGlobalSection
	GlobalSection(ProjectConfigurationPlatforms) = postSolution
		{FD7C78AE-3C71-4B75-89A8-C957356985CD}.Debug|Any CPU.ActiveCfg = Debug|Any CPU
		{FD7C78AE-3C71-4B75-89A8-C957356985CD}.Debug|Any CPU.Build.0 = Debug|Any CPU
		{FD7C78AE-3C71-4B75-89A8-C957356985CD}.Release|Any CPU.ActiveCfg = Release|Any CPU
		{FD7C78AE-3C71-4B75-89A8-C957356985CD}.Release|Any CPU.Build.0 = Release|Any CPU
		{18BDBBFE-9D1A-47A4-86B4-69CEB00DF43D}.Debug|Any CPU.ActiveCfg = Debug|Any CPU
		{18BDBBFE-9D1A-47A4-86B4-69CEB00DF43D}.Debug|Any CPU.Build.0 = Debug|Any CPU
		{18BDBBFE-9D1A-47A4-86B4-69CEB00DF43D}.Release|Any CPU.ActiveCfg = Release|Any CPU
		{18BDBBFE-9D1A-47A4-86B4-69CEB00DF43D}.Release|Any CPU.Build.0 = Release|Any CPU
	EndGlobalSection
	GlobalSection(SolutionProperties) = preSolution
		HideSolutionNode = FALSE
	EndGlobalSection
	GlobalSection(ExtensibilityGlobals) = postSolution
		SolutionGuid = {8A181447-2D5A-415C-BEF3-189120A210C9}
	EndGlobalSection
EndGlobal
